
Microsoft Visual Studio Solution File, Format Version 12.00
# Visual Studio 15
VisualStudioVersion = 15.0.26730.12
MinimumVisualStudioVersion = 10.0.40219.1
Project("{8BC9CEB8-8B4A-11D0-8D11-00A0C91BC942}") = "3. Calculator", "3. Calculator\3. Calculator.vcxproj", "{B6B17260-E6F1-4F12-90EA-02E12F76F536}"
EndProject
Project("{8BC9CEB8-8B4A-11D0-8D11-00A0C91BC942}") = "1. Adder", "1. Adder\1. Adder.vcxproj", "{FB6303CE-3B45-4270-A815-B8B2FB6B8696}"
EndProject
Project("{8BC9CEB8-8B4A-11D0-8D11-00A0C91BC942}") = "2. Functions", "2. Functions\2. Functions.vcxproj", "{8B1E2935-A705-40AE-83FB-326C092D1CDC}"
EndProject
Project("{8BC9CEB8-8B4A-11D0-8D11-00A0C91BC942}") = "4. Normalization", "4. Normalization\4. Normalization.vcxproj", "{508CD2C0-21F8-4C6E-91A4-A5AD6AC9DACB}"
EndProject
Project("{8BC9CEB8-8B4A-11D0-8D11-00A0C91BC942}") = "5. Benchmarking", "5. Benchmarking\5. Benchmarking.vcxproj", "{36998EC0-21E7-4775-9351-E134BCB0D608}"
EndProject
Global
	GlobalSection(SolutionConfigurationPlatforms) = preSolution
		Debug|x64 = Debug|x64
		Debug|x86 = Debug|x86
		Release|x64 = Release|x64
		Release|x86 = Release|x86
	EndGlobalSection
	GlobalSection(ProjectConfigurationPlatforms) = postSolution
		{B6B17260-E6F1-4F12-90EA-02E12F76F536}.Debug|x64.ActiveCfg = Debug|x64
		{B6B17260-E6F1-4F12-90EA-02E12F76F536}.Debug|x64.Build.0 = Debug|x64
		{B6B17260-E6F1-4F12-90EA-02E12F76F536}.Debug|x86.ActiveCfg = Debug|Win32
		{B6B17260-E6F1-4F12-90EA-02E12F76F536}.Debug|x86.Build.0 = Debug|Win32
		{B6B17260-E6F1-4F12-90EA-02E12F76F536}.Release|x64.ActiveCfg = Release|x64
		{B6B17260-E6F1-4F12-90EA-02E12F76F536}.Release|x64.Build.0 = Release|x64
		{B6B17260-E6F1-4F12-90EA-02E12F76F536}.Release|x86.ActiveCfg = Release|Win32
		{B6B17260-E6F1-4F12-90EA-02E12F76F536}.Release|x86.Build.0 = Release|Win32
		{FB6303CE-3B45-4270-A815-B8B2FB6B8696}.Debug|x64.ActiveCfg = Debug|x64
		{FB6303CE-3B45-4270-A815-B8B2FB6B8696}.Debug|x64.Build.0 = Debug|x64
		{FB6303CE-3B45-4270-A815-B8B2FB6B8696}.Debug|x86.ActiveCfg = Debug|Win32
		{FB6303CE-3B45-4270-A815-B8B2FB6B8696}.Debug|x86.Build.0 = Debug|Win32
		{FB6303CE-3B45-4270-A815-B8B2FB6B8696}.Release|x64.ActiveCfg = Release|x64
		{FB6303CE-3B45-4270-A815-B8B2FB6B8696}.Release|x64.Build.0 = Release|x64
		{FB6303CE-3B45-4270-A815-B8B2FB6B8696}.Release|x86.ActiveCfg = Release|Win32
		{FB6303CE-3B45-4270-A815-B8B2FB6B8696}.Release|x86.Build.0 = Release|Win32
		{8B1E2935-A705-40AE-83FB-326C092D1CDC}.Debug|x64.ActiveCfg = Debug|x64
		{8B1E2935-A705-40AE-83FB-326C092D1CDC}.Debug|x64.Build.0 = Debug|x64
		{8B1E2935-A705-40AE-83FB-326C092D1CDC}.Debug|x86.ActiveCfg = Debug|Win32
		{8B1E2935-A705-40AE-83FB-326C092D1CDC}.Debug|x86.Build.0 = Debug|Win32
		{8B1E2935-A705-40AE-83FB-326C092D1CDC}.Release|x64.ActiveCfg = Release|x64
		{8B1E2935-A705-40AE-83FB-326C092D1CDC}.Release|x64.Build.0 = Release|x64
		{8B1E2935-A705-40AE-83FB-326C092D1CDC}.Release|x86.ActiveCfg = Release|Win32
		{8B1E2935-A705-40AE-83FB-326C092D1CDC}.Release|x86.Build.0 = Release|Win32
		{508CD2C0-21F8-4C6E-91A4-A5AD6AC9DACB}.Debug|x64.ActiveCfg = Debug|x64
		{508CD2C0-21F8-4C6E-91A4-A5AD6AC9DACB}.Debug|x64.Build.0 = Debug|x64
		{508CD2C0-21F8-4C6E-91A4-A5AD6AC9DACB}.Debug|x86.ActiveCfg = Debug|Win32
		{508CD2C0-21F8-4C6E-91A4-A5AD6AC9DACB}.Debug|x86.Build.0 = Debug|Win32
		{508CD2C0-21F8-4C6E-91A4-A5AD6AC9DACB}.Release|x64.ActiveCfg = Release|x64
		{508CD2C0-21F8-4C6E-91A4-A5AD6AC9DACB}.Release|x64.Build.0 = Release|x64
		{508CD2C0-21F8-4C6E-91A4-A5AD6AC9DACB}.Release|x86.ActiveCfg = Release|Win32
		{508CD2C0-21F8-4C6E-91A4-A5AD6AC9DACB}.Release|x86.Build.0 = Release|Win32
		{36998EC0-21E7-4775-9351-E134BCB0D608}.Debug|x64.ActiveCfg = Debug|x64
		{36998EC0-21E7-4775-9351-E134BCB0D608}.Debug|x64.Build.0 = Debug|x64
		{36998EC0-21E7-4775-9351-E134BCB0D608}.Debug|x86.ActiveCfg = Debug|Win32
		{36998EC0-21E7-4775-9351-E134BCB0D608}.Debug|x86.Build.0 = Debug|Win32
		{36998EC0-21E7-4775-9351-E134BCB0D608}.Release|x64.ActiveCfg = Release|x64
		{36998EC0-21E7-4775-9351-E134BCB0D608}.Release|x64.Build.0 = Release|x64
		{36998EC0-21E7-4775-9351-E134BCB0D608}.Release|x86.ActiveCfg = Release|Win32
		{36998EC0-21E7-4775-9351-E134BCB0D608}.Release|x86.Build.0 = Release|Win32
	EndGlobalSection
	GlobalSection(SolutionProperties) = preSolution
		HideSolutionNode = FALSE
	EndGlobalSection
	GlobalSection(ExtensibilityGlobals) = postSolution
		SolutionGuid = {B93BC8D8-99D4-49C9-A2AB-3E05D06356C0}
	EndGlobalSection
EndGlobal
